# THIS IS AN AUTOGENERATED FILE. DO NOT EDIT THIS FILE DIRECTLY.
# yarn lockfile v1


"@types/estree@0.0.39":
  version "0.0.39"
  resolved "http://maven-vm01:8081/nexus/content/repositories/npmjs/@types/estree/-/estree-0.0.39.tgz#e177e699ee1b8c22d23174caaa7422644389509f"
  integrity sha512-EYNwp3bU+98cpU4lAWYYL7Zz+2gryWH1qbdDTidVd6hkiR6weksdbMadyXKXNPEkQFhXM+hVO9ZygomHXp+AIw==

"@types/node@*":
  version "12.7.1"
  resolved "http://maven-vm01:8081/nexus/content/repositories/npmjs/@types/node/-/node-12.7.1.tgz#3b5c3a26393c19b400844ac422bd0f631a94d69d"
  integrity sha512-aK9jxMypeSrhiYofWWBf/T7O+KwaiAHzM4sveCdWPn71lzUSMimRnKzhXDKfKwV1kWoBo2P1aGgaIYGLf9/ljw==

balanced-match@^1.0.0:
  version "1.0.0"
  resolved "http://maven-vm01:8081/nexus/content/repositories/npmjs/balanced-match/-/balanced-match-1.0.0.tgz#89b4d199ab2bee49de164ea02b89ce462d71b767"
  integrity sha1-ibTRmasr7kneFk6gK4nORi1xt2c=

bluebird@^3.5.1:
  version "3.5.5"
  resolved "http://maven-vm01:8081/nexus/content/repositories/npmjs/bluebird/-/bluebird-3.5.5.tgz#a8d0afd73251effbbd5fe384a77d73003c17a71f"
  integrity sha512-5am6HnnfN+urzt4yfg7IgTbotDjIT/u8AJpEt0sIU9FtXfVeezXAPKswrG+xKUCOYAINpSdgZVDU6QFh+cuH3w==

brace-expansion@^1.1.7:
  version "1.1.11"
  resolved "http://maven-vm01:8081/nexus/content/repositories/npmjs/brace-expansion/-/brace-expansion-1.1.11.tgz#3c7fcbf529d87226f3d2f52b966ff5271eb441dd"
  integrity sha512-iCuPHDFgrHX7H2vEI/5xpz07zSHB00TpugqhmYtVmMO6518mCuRMoOYFldEBl0g187ufozdaHgWKcYFb61qGiA==
  dependencies:
    balanced-match "^1.0.0"
    concat-map "0.0.1"

browser-stdout@1.3.1:
  version "1.3.1"
  resolved "http://maven-vm01:8081/nexus/content/repositories/npmjs/browser-stdout/-/browser-stdout-1.3.1.tgz#baa559ee14ced73452229bad7326467c61fabd60"
  integrity sha512-qhAVI1+Av2X7qelOfAIYwXONood6XlZE/fXaBSmW/T5SzLAmCgzi+eiWE7fUvbHaeNBQH13UftjpXxsfLkMpgw==

buffer-from@^1.0.0:
  version "1.1.1"
  resolved "http://maven-vm01:8081/nexus/content/repositories/npmjs/buffer-from/-/buffer-from-1.1.1.tgz#32713bc028f75c02fdb710d7c7bcec1f2c6070ef"
  integrity sha512-MQcXEUbCKtEo7bhqEs6560Hyd4XaovZlO/k9V3hjVUF/zwW7KBVdSK4gIt/bzwS9MbR5qob+F5jusZsb0YQK2A==

commander@2.15.1:
  version "2.15.1"
  resolved "http://maven-vm01:8081/nexus/content/repositories/npmjs/commander/-/commander-2.15.1.tgz#df46e867d0fc2aec66a34662b406a9ccafff5b0f"
  integrity sha512-VlfT9F3V0v+jr4yxPc5gg9s62/fIVWsd2Bk2iD435um1NlGMYdVCq+MjcXnhYq2icNOizHr1kK+5TI6H0Hy0ag==

commander@^2.19.0:
  version "2.20.0"
  resolved "http://maven-vm01:8081/nexus/content/repositories/npmjs/commander/-/commander-2.20.0.tgz#d58bb2b5c1ee8f87b0d340027e9e94e222c5a422"
  integrity sha512-7j2y+40w61zy6YC2iRNpUe/NwhNyoXrYpHMrSunaMG64nRnaf96zO/KMQR4OyN/UnE5KLyEBnKHd4aG3rskjpQ==

concat-map@0.0.1:
  version "0.0.1"
  resolved "http://maven-vm01:8081/nexus/content/repositories/npmjs/concat-map/-/concat-map-0.0.1.tgz#d8a96bd77fd68df7793a73036a3ba0d5405d477b"
  integrity sha1-2Klr13/Wjfd5OnMDajug1UBdR3s=

debug@3.1.0:
  version "3.1.0"
  resolved "http://maven-vm01:8081/nexus/content/repositories/npmjs/debug/-/debug-3.1.0.tgz#5bb5a0672628b64149566ba16819e61518c67261"
  integrity sha512-OX8XqP7/1a9cqkxYw2yXss15f26NKWBpDXQd0/uK/KPqdQhxbPa994hnzjcE2VqQpDslf55723cKPUOGSmMY3g==
  dependencies:
    ms "2.0.0"

diff@3.5.0:
  version "3.5.0"
  resolved "http://maven-vm01:8081/nexus/content/repositories/npmjs/diff/-/diff-3.5.0.tgz#800c0dd1e0a8bfbc95835c202ad220fe317e5a12"
  integrity sha512-A46qtFgd+g7pDZinpnwiRJtxbC1hpgf0uzP3iG89scHk0AUC7A1TGxf5OiiOUv/JMZR8GOt8hL900hV0bOy5xA==

escape-string-regexp@1.0.5:
  version "1.0.5"
  resolved "http://maven-vm01:8081/nexus/content/repositories/npmjs/escape-string-regexp/-/escape-string-regexp-1.0.5.tgz#1b61c0562190a8dff6ae3bb2cf0200ca130b86d4"
  integrity sha1-G2HAViGQqN/2rjuyzwIAyhMLhtQ=

esm@^3.2.25:
  version "3.2.25"
  resolved "http://maven-vm01:8081/nexus/content/repositories/npmjs/esm/-/esm-3.2.25.tgz#342c18c29d56157688ba5ce31f8431fbb795cc10"
  integrity sha512-U1suiZ2oDVWv4zPO56S0NcR5QriEahGtdN2OR6FiOG4WJvcjBVFB0qI4+eKoWFH483PKGuLuu6V8Z4T5g63UVA==

estree-walker@^0.6.1:
  version "0.6.1"
  resolved "http://maven-vm01:8081/nexus/content/repositories/npmjs/estree-walker/-/estree-walker-0.6.1.tgz#53049143f40c6eb918b23671d1fe3219f3a1b362"
  integrity sha512-SqmZANLWS0mnatqbSfRP5g8OXZC12Fgg1IwNtLsyHDzJizORW4khDfjPqJZsemPWBB2uqykUah5YpQ6epsqC/w==

fs.realpath@^1.0.0:
  version "1.0.0"
  resolved "http://maven-vm01:8081/nexus/content/repositories/npmjs/fs.realpath/-/fs.realpath-1.0.0.tgz#1504ad2523158caa40db4a2787cb01411994ea4f"
  integrity sha1-FQStJSMVjKpA20onh8sBQRmU6k8=

glob@7.1.2:
  version "7.1.2"
  resolved "http://maven-vm01:8081/nexus/content/repositories/npmjs/glob/-/glob-7.1.2.tgz#c19c9df9a028702d678612384a6552404c636d15"
  integrity sha512-MJTUg1kjuLeQCJ+ccE4Vpa6kKVXkPYJ2mOCQyUuKLcLQsdrMCpBPUi8qVE6+YuaJkozeA9NusTAw3hLr8Xe5EQ==
  dependencies:
    fs.realpath "^1.0.0"
    inflight "^1.0.4"
    inherits "2"
    minimatch "^3.0.4"
    once "^1.3.0"
    path-is-absolute "^1.0.0"

growl@1.10.5:
  version "1.10.5"
  resolved "http://maven-vm01:8081/nexus/content/repositories/npmjs/growl/-/growl-1.10.5.tgz#f2735dc2283674fa67478b10181059355c369e5e"
  integrity sha512-qBr4OuELkhPenW6goKVXiv47US3clb3/IbuWF9KNKEijAy9oeHxU9IgzjvJhHkUzhaj7rOUD7+YGWqUjLp5oSA==

has-flag@^3.0.0:
  version "3.0.0"
  resolved "http://maven-vm01:8081/nexus/content/repositories/npmjs/has-flag/-/has-flag-3.0.0.tgz#b5d454dc2199ae225699f3467e5a07f3b955bafd"
  integrity sha1-tdRU3CGZriJWmfNGfloH87lVuv0=

he@1.1.1:
  version "1.1.1"
  resolved "http://maven-vm01:8081/nexus/content/repositories/npmjs/he/-/he-1.1.1.tgz#93410fd21b009735151f8868c2f271f3427e23fd"
  integrity sha1-k0EP0hsAlzUVH4howvJx80J+I/0=

inflight@^1.0.4:
  version "1.0.6"
  resolved "http://maven-vm01:8081/nexus/content/repositories/npmjs/inflight/-/inflight-1.0.6.tgz#49bd6331d7d02d0c09bc910a1075ba8165b56df9"
  integrity sha1-Sb1jMdfQLQwJvJEKEHW6gWW1bfk=
  dependencies:
    once "^1.3.0"
    wrappy "1"

inherits@2:
  version "2.0.4"
  resolved "http://maven-vm01:8081/nexus/content/repositories/npmjs/inherits/-/inherits-2.0.4.tgz#0fa2c64f932917c3433a0ded55363aae37416b7c"
  integrity sha512-k/vGaX4/Yla3WzyMCvTQOXYeIHvqOKtnqBduzTHpzpQZzAskKMhZ2K+EnBiSM9zGSoIFeMpXKxa4dYeZIQqewQ==

magic-string@^0.25.2:
  version "0.25.3"
  resolved "http://maven-vm01:8081/nexus/content/repositories/npmjs/magic-string/-/magic-string-0.25.3.tgz#34b8d2a2c7fec9d9bdf9929a3fd81d271ef35be9"
  integrity sha512-6QK0OpF/phMz0Q2AxILkX2mFhi7m+WMwTRg0LQKq/WBB0cDP4rYH3Wp4/d3OTXlrPLVJT/RFqj8tFeAR4nk8AA==
  dependencies:
    sourcemap-codec "^1.4.4"

minimatch@3.0.4, minimatch@^3.0.4:
  version "3.0.4"
  resolved "http://maven-vm01:8081/nexus/content/repositories/npmjs/minimatch/-/minimatch-3.0.4.tgz#5166e286457f03306064be5497e8dbb0c3d32083"
  integrity sha512-yJHVQEhyqPLUTgt9B83PXu6W3rx4MvvHvSUvToogpwoGDOUQ+yDrR0HRot+yOCdCO7u4hX3pWft6kWBBcqh0UA==
  dependencies:
    brace-expansion "^1.1.7"

minimist@0.0.8:
  version "0.0.8"
  resolved "http://maven-vm01:8081/nexus/content/repositories/npmjs/minimist/-/minimist-0.0.8.tgz#857fcabfc3397d2625b8228262e86aa7a011b05d"
  integrity sha1-hX/Kv8M5fSYluCKCYuhqp6ARsF0=

mkdirp@0.5.1:
  version "0.5.1"
  resolved "http://maven-vm01:8081/nexus/content/repositories/npmjs/mkdirp/-/mkdirp-0.5.1.tgz#30057438eac6cf7f8c4767f38648d6697d75c903"
  integrity sha1-MAV0OOrGz3+MR2fzhkjWaX11yQM=
  dependencies:
    minimist "0.0.8"

mocha@^5.2.0:
  version "5.2.0"
  resolved "http://maven-vm01:8081/nexus/content/repositories/npmjs/mocha/-/mocha-5.2.0.tgz#6d8ae508f59167f940f2b5b3c4a612ae50c90ae6"
  integrity sha512-2IUgKDhc3J7Uug+FxMXuqIyYzH7gJjXECKe/w43IGgQHTSj3InJi+yAA7T24L9bQMRKiUEHxEX37G5JpVUGLcQ==
  dependencies:
    browser-stdout "1.3.1"
    commander "2.15.1"
    debug "3.1.0"
    diff "3.5.0"
    escape-string-regexp "1.0.5"
    glob "7.1.2"
    growl "1.10.5"
    he "1.1.1"
    minimatch "3.0.4"
    mkdirp "0.5.1"
    supports-color "5.4.0"

ms@2.0.0:
  version "2.0.0"
  resolved "http://maven-vm01:8081/nexus/content/repositories/npmjs/ms/-/ms-2.0.0.tgz#5608aeadfc00be6c2901df5f9861788de0d597c8"
  integrity sha1-VgiurfwAvmwpAd9fmGF4jeDVl8g=

once@^1.3.0:
  version "1.4.0"
  resolved "http://maven-vm01:8081/nexus/content/repositories/npmjs/once/-/once-1.4.0.tgz#583b1aa775961d4b113ac17d9c50baef9dd76bd1"
  integrity sha1-WDsap3WWHUsROsF9nFC6753Xa9E=
  dependencies:
    wrappy "1"

path-is-absolute@^1.0.0:
  version "1.0.1"
  resolved "http://maven-vm01:8081/nexus/content/repositories/npmjs/path-is-absolute/-/path-is-absolute-1.0.1.tgz#174b9268735534ffbc7ace6bf53a5a9e1b5c5f5f"
  integrity sha1-F0uSaHNVNP+8es5r9TpanhtcX18=

rollup-plugin-replace@^2.0.0:
  version "2.2.0"
  resolved "http://maven-vm01:8081/nexus/content/repositories/npmjs/rollup-plugin-replace/-/rollup-plugin-replace-2.2.0.tgz#f41ae5372e11e7a217cde349c8b5d5fd115e70e3"
  integrity sha512-/5bxtUPkDHyBJAKketb4NfaeZjL5yLZdeUihSfbF2PQMz+rSTEb8ARKoOl3UBT4m7/X+QOXJo3sLTcq+yMMYTA==
  dependencies:
    magic-string "^0.25.2"
    rollup-pluginutils "^2.6.0"

rollup-pluginutils@^2.6.0:
  version "2.8.1"
  resolved "http://maven-vm01:8081/nexus/content/repositories/npmjs/rollup-pluginutils/-/rollup-pluginutils-2.8.1.tgz#8fa6dd0697344938ef26c2c09d2488ce9e33ce97"
  integrity sha512-J5oAoysWar6GuZo0s+3bZ6sVZAC0pfqKz68De7ZgDi5z63jOVZn1uJL/+z1jeKHNbGII8kAyHF5q8LnxSX5lQg==
  dependencies:
    estree-walker "^0.6.1"

rollup@^0.64.1:
  version "0.64.1"
  resolved "http://maven-vm01:8081/nexus/content/repositories/npmjs/rollup/-/rollup-0.64.1.tgz#9188ee368e5fcd43ffbc00ec414e72eeb5de87ba"
  integrity sha512-+ThdVXrvonJdOTzyybMBipP0uz605Z8AnzWVY3rf+cSGnLO7uNkJBlN+9jXqWOomkvumXfm/esmBpA5d53qm7g==
  dependencies:
    "@types/estree" "0.0.39"
    "@types/node" "*"

source-map-support@~0.5.10:
  version "0.5.13"
  resolved "http://maven-vm01:8081/nexus/content/repositories/npmjs/source-map-support/-/source-map-support-0.5.13.tgz#31b24a9c2e73c2de85066c0feb7d44767ed52932"
  integrity sha512-SHSKFHadjVA5oR4PPqhtAVdcBWwRYVd6g6cAXnIbRiIwc2EhPrTuKUBdSLvlEKyIP3GCf89fltvcZiP9MMFA1w==
  dependencies:
    buffer-from "^1.0.0"
    source-map "^0.6.0"

source-map@^0.6.0, source-map@~0.6.1:
  version "0.6.1"
  resolved "http://maven-vm01:8081/nexus/content/repositories/npmjs/source-map/-/source-map-0.6.1.tgz#74722af32e9614e9c287a8d0bbde48b5e2f1a263"
  integrity sha512-UjgapumWlbMhkBgzT7Ykc5YXUT46F0iKu8SGXq0bcwP5dz/h0Plj6enJqjz1Zbq2l5WaqYnrVbwWOWMyF3F47g==

sourcemap-codec@^1.4.4:
  version "1.4.6"
  resolved "http://maven-vm01:8081/nexus/content/repositories/npmjs/sourcemap-codec/-/sourcemap-codec-1.4.6.tgz#e30a74f0402bad09807640d39e971090a08ce1e9"
  integrity sha512-1ZooVLYFxC448piVLBbtOxFcXwnymH9oUF8nRd3CuYDVvkRBxRl6pB4Mtas5a4drtL+E8LDgFkQNcgIw6tc8Hg==

supports-color@5.4.0:
  version "5.4.0"
  resolved "http://maven-vm01:8081/nexus/content/repositories/npmjs/supports-color/-/supports-color-5.4.0.tgz#1c6b337402c2137605efe19f10fec390f6faab54"
  integrity sha512-zjaXglF5nnWpsq470jSv6P9DwPvgLkuapYmfDm3JWOm0vkNTVF2tI4UrN2r6jH1qM/uc/WtxYY1hYoA2dOKj5w==
  dependencies:
    has-flag "^3.0.0"

terser@^3.8.1:
  version "3.17.0"
  resolved "http://maven-vm01:8081/nexus/content/repositories/npmjs/terser/-/terser-3.17.0.tgz#f88ffbeda0deb5637f9d24b0da66f4e15ab10cb2"
  integrity sha512-/FQzzPJmCpjAH9Xvk2paiWrFq+5M6aVOf+2KRbwhByISDX/EujxsK+BAvrhb6H+2rtrLCHK9N01wO014vrIwVQ==
  dependencies:
    commander "^2.19.0"
    source-map "~0.6.1"
    source-map-support "~0.5.10"

whatwg-fetch@^2.0.4:
  version "2.0.4"
  resolved "http://maven-vm01:8081/nexus/content/repositories/npmjs/whatwg-fetch/-/whatwg-fetch-2.0.4.tgz#dde6a5df315f9d39991aa17621853d720b85566f"
  integrity sha512-dcQ1GWpOD/eEQ97k66aiEVpNnapVj90/+R+SXTPYGHpYBBypfKJEQjLrvMZ7YXbKm21gXd4NcuxUTjiv1YtLng==

wrappy@1:
  version "1.0.2"
  resolved "http://maven-vm01:8081/nexus/content/repositories/npmjs/wrappy/-/wrappy-1.0.2.tgz#b5243d8f3ec1aa35f1364605bc0d1036e30ab69f"
  integrity sha1-tSQ9jz7BqjXxNkYFvA0QNuMKtp8=
